
Microsoft Visual Studio Solution File, Format Version 12.00
# Visual Studio 15
VisualStudioVersion = 15.0.27428.2037
MinimumVisualStudioVersion = 10.0.40219.1
Project("{888888A0-9F3D-457C-B088-3A5042F75D52}") = "Compiladores", "Compiladores.pyproj", "{6890DEDC-DB78-4AD3-86AD-1CC3ABB8118B}"
EndProject
Global
	GlobalSection(SolutionConfigurationPlatforms) = preSolution
		Debug|Any CPU = Debug|Any CPU
		Release|Any CPU = Release|Any CPU
	EndGlobalSection
	GlobalSection(ProjectConfigurationPlatforms) = postSolution
		{6890DEDC-DB78-4AD3-86AD-1CC3ABB8118B}.Debug|Any CPU.ActiveCfg = Debug|Any CPU
		{6890DEDC-DB78-4AD3-86AD-1CC3ABB8118B}.Release|Any CPU.ActiveCfg = Release|Any CPU
	EndGlobalSection
	GlobalSection(SolutionProperties) = preSolution
		HideSolutionNode = FALSE
	EndGlobalSection
	GlobalSection(ExtensibilityGlobals) = postSolution
		SolutionGuid = {BB94C098-40B4-4154-BD12-9E30FC2B9423}
	EndGlobalSection
EndGlobal
